// !$*UTF8*$!
{
	archiveVersion = 1;
	classes = {
	};
	objectVersion = 50;
	objects = {

/* Begin PBXBuildFile section */
		8DB93F6955AF5D8B948E1972 /* Pods_ui_baseUITests.framework in Frameworks */ = {isa = PBXBuildFile; fileRef = 0D60560D8105E8981C065F3D /* Pods_ui_baseUITests.framework */; };
		CFF0ED52D84725738DAA6E3C /* Pods_ui_base.framework in Frameworks */ = {isa = PBXBuildFile; fileRef = 6D3EFCD0E21CEE580EAFB045 /* Pods_ui_base.framework */; };
		D46DFB1821C3514400675B86 /* AppDelegate.m in Sources */ = {isa = PBXBuildFile; fileRef = D46DFB1721C3514400675B86 /* AppDelegate.m */; };
		D46DFB1B21C3514400675B86 /* ViewController.m in Sources */ = {isa = PBXBuildFile; fileRef = D46DFB1A21C3514400675B86 /* ViewController.m */; };
		D46DFB1E21C3514400675B86 /* Main.storyboard in Resources */ = {isa = PBXBuildFile; fileRef = D46DFB1C21C3514400675B86 /* Main.storyboard */; };
		D46DFB2021C3514500675B86 /* Assets.xcassets in Resources */ = {isa = PBXBuildFile; fileRef = D46DFB1F21C3514500675B86 /* Assets.xcassets */; };
		D46DFB2321C3514500675B86 /* LaunchScreen.storyboard in Resources */ = {isa = PBXBuildFile; fileRef = D46DFB2121C3514500675B86 /* LaunchScreen.storyboard */; };
		D46DFB2621C3514500675B86 /* main.m in Sources */ = {isa = PBXBuildFile; fileRef = D46DFB2521C3514500675B86 /* main.m */; };
		D46DFB3021C3514500675B86 /* ui_baseTests.m in Sources */ = {isa = PBXBuildFile; fileRef = D46DFB2F21C3514500675B86 /* ui_baseTests.m */; };
		D46DFB3B21C3514500675B86 /* ui_baseUITests.m in Sources */ = {isa = PBXBuildFile; fileRef = D46DFB3A21C3514500675B86 /* ui_baseUITests.m */; };
		D46DFB5B21C3540200675B86 /* UIColor+blend.m in Sources */ = {isa = PBXBuildFile; fileRef = D46DFB4C21C3540200675B86 /* UIColor+blend.m */; };
		D46DFB5C21C3540200675B86 /* UIImage+cui.m in Sources */ = {isa = PBXBuildFile; fileRef = D46DFB4E21C3540200675B86 /* UIImage+cui.m */; };
		D46DFB5D21C3540200675B86 /* UIColor+cui_theme.m in Sources */ = {isa = PBXBuildFile; fileRef = D46DFB5021C3540200675B86 /* UIColor+cui_theme.m */; };
		D46DFB5E21C3540200675B86 /* UIDevice+ios_uikit.m in Sources */ = {isa = PBXBuildFile; fileRef = D46DFB5121C3540200675B86 /* UIDevice+ios_uikit.m */; };
		D46DFB5F21C3540200675B86 /* UIView+ios_uikit.m in Sources */ = {isa = PBXBuildFile; fileRef = D46DFB5221C3540200675B86 /* UIView+ios_uikit.m */; };
		D46DFB6021C3540200675B86 /* UIApplication+ios_uikit.m in Sources */ = {isa = PBXBuildFile; fileRef = D46DFB5321C3540200675B86 /* UIApplication+ios_uikit.m */; };
		D46DFB6121C3540200675B86 /* UIAlertController+Functional.m in Sources */ = {isa = PBXBuildFile; fileRef = D46DFB5821C3540200675B86 /* UIAlertController+Functional.m */; };
		D46DFB6221C3540200675B86 /* UIViewController+ios_uikit.m in Sources */ = {isa = PBXBuildFile; fileRef = D46DFB5921C3540200675B86 /* UIViewController+ios_uikit.m */; };
		D46DFB6521C3553700675B86 /* NSObject+Functional.m in Sources */ = {isa = PBXBuildFile; fileRef = D46DFB6321C3553700675B86 /* NSObject+Functional.m */; };
		D46DFBCE21C36F4300675B86 /* ui-base.podspec in Resources */ = {isa = PBXBuildFile; fileRef = D46DFBCD21C36F4300675B86 /* ui-base.podspec */; };
		E478C2BAE01D7F9FBF949DBC /* Pods_ui_baseTests.framework in Frameworks */ = {isa = PBXBuildFile; fileRef = 66FFE47086E38EAE80000308 /* Pods_ui_baseTests.framework */; };
/* End PBXBuildFile section */

/* Begin PBXContainerItemProxy section */
		D46DFB2C21C3514500675B86 /* PBXContainerItemProxy */ = {
			isa = PBXContainerItemProxy;
			containerPortal = D46DFB0B21C3514400675B86 /* Project object */;
			proxyType = 1;
			remoteGlobalIDString = D46DFB1221C3514400675B86;
			remoteInfo = "ui-base";
		};
		D46DFB3721C3514500675B86 /* PBXContainerItemProxy */ = {
			isa = PBXContainerItemProxy;
			containerPortal = D46DFB0B21C3514400675B86 /* Project object */;
			proxyType = 1;
			remoteGlobalIDString = D46DFB1221C3514400675B86;
			remoteInfo = "ui-base";
		};
/* End PBXContainerItemProxy section */

/* Begin PBXFileReference section */
		0D60560D8105E8981C065F3D /* Pods_ui_baseUITests.framework */ = {isa = PBXFileReference; explicitFileType = wrapper.framework; includeInIndex = 0; path = Pods_ui_baseUITests.framework; sourceTree = BUILT_PRODUCTS_DIR; };
		2D8D6DD37E0F7D1655B218C2 /* Pods-ui-baseUITests.debug.xcconfig */ = {isa = PBXFileReference; includeInIndex = 1; lastKnownFileType = text.xcconfig; name = "Pods-ui-baseUITests.debug.xcconfig"; path = "Pods/Target Support Files/Pods-ui-baseUITests/Pods-ui-baseUITests.debug.xcconfig"; sourceTree = "<group>"; };
		5B25F37B8FC4948555347D7B /* Pods-ui-base.release.xcconfig */ = {isa = PBXFileReference; includeInIndex = 1; lastKnownFileType = text.xcconfig; name = "Pods-ui-base.release.xcconfig"; path = "Pods/Target Support Files/Pods-ui-base/Pods-ui-base.release.xcconfig"; sourceTree = "<group>"; };
		5B4569164344329180CE5125 /* Pods-ui-baseUITests.release.xcconfig */ = {isa = PBXFileReference; includeInIndex = 1; lastKnownFileType = text.xcconfig; name = "Pods-ui-baseUITests.release.xcconfig"; path = "Pods/Target Support Files/Pods-ui-baseUITests/Pods-ui-baseUITests.release.xcconfig"; sourceTree = "<group>"; };
		66FFE47086E38EAE80000308 /* Pods_ui_baseTests.framework */ = {isa = PBXFileReference; explicitFileType = wrapper.framework; includeInIndex = 0; path = Pods_ui_baseTests.framework; sourceTree = BUILT_PRODUCTS_DIR; };
		6D3EFCD0E21CEE580EAFB045 /* Pods_ui_base.framework */ = {isa = PBXFileReference; explicitFileType = wrapper.framework; includeInIndex = 0; path = Pods_ui_base.framework; sourceTree = BUILT_PRODUCTS_DIR; };
		787D7194F40CE2BB684F8275 /* Pods-ui-base.debug.xcconfig */ = {isa = PBXFileReference; includeInIndex = 1; lastKnownFileType = text.xcconfig; name = "Pods-ui-base.debug.xcconfig"; path = "Pods/Target Support Files/Pods-ui-base/Pods-ui-base.debug.xcconfig"; sourceTree = "<group>"; };
		AF37103BE747FF8566471F0D /* Pods-ui-baseTests.release.xcconfig */ = {isa = PBXFileReference; includeInIndex = 1; lastKnownFileType = text.xcconfig; name = "Pods-ui-baseTests.release.xcconfig"; path = "Pods/Target Support Files/Pods-ui-baseTests/Pods-ui-baseTests.release.xcconfig"; sourceTree = "<group>"; };
		D46DFB1321C3514400675B86 /* ui-base.app */ = {isa = PBXFileReference; explicitFileType = wrapper.application; includeInIndex = 0; path = "ui-base.app"; sourceTree = BUILT_PRODUCTS_DIR; };
		D46DFB1621C3514400675B86 /* AppDelegate.h */ = {isa = PBXFileReference; lastKnownFileType = sourcecode.c.h; path = AppDelegate.h; sourceTree = "<group>"; };
		D46DFB1721C3514400675B86 /* AppDelegate.m */ = {isa = PBXFileReference; lastKnownFileType = sourcecode.c.objc; path = AppDelegate.m; sourceTree = "<group>"; };
		D46DFB1921C3514400675B86 /* ViewController.h */ = {isa = PBXFileReference; lastKnownFileType = sourcecode.c.h; path = ViewController.h; sourceTree = "<group>"; };
		D46DFB1A21C3514400675B86 /* ViewController.m */ = {isa = PBXFileReference; lastKnownFileType = sourcecode.c.objc; path = ViewController.m; sourceTree = "<group>"; };
		D46DFB1D21C3514400675B86 /* Base */ = {isa = PBXFileReference; lastKnownFileType = file.storyboard; name = Base; path = Base.lproj/Main.storyboard; sourceTree = "<group>"; };
		D46DFB1F21C3514500675B86 /* Assets.xcassets */ = {isa = PBXFileReference; lastKnownFileType = folder.assetcatalog; path = Assets.xcassets; sourceTree = "<group>"; };
		D46DFB2221C3514500675B86 /* Base */ = {isa = PBXFileReference; lastKnownFileType = file.storyboard; name = Base; path = Base.lproj/LaunchScreen.storyboard; sourceTree = "<group>"; };
		D46DFB2421C3514500675B86 /* Info.plist */ = {isa = PBXFileReference; lastKnownFileType = text.plist.xml; path = Info.plist; sourceTree = "<group>"; };
		D46DFB2521C3514500675B86 /* main.m */ = {isa = PBXFileReference; lastKnownFileType = sourcecode.c.objc; path = main.m; sourceTree = "<group>"; };
		D46DFB2B21C3514500675B86 /* ui-baseTests.xctest */ = {isa = PBXFileReference; explicitFileType = wrapper.cfbundle; includeInIndex = 0; path = "ui-baseTests.xctest"; sourceTree = BUILT_PRODUCTS_DIR; };
		D46DFB2F21C3514500675B86 /* ui_baseTests.m */ = {isa = PBXFileReference; lastKnownFileType = sourcecode.c.objc; path = ui_baseTests.m; sourceTree = "<group>"; };
		D46DFB3121C3514500675B86 /* Info.plist */ = {isa = PBXFileReference; lastKnownFileType = text.plist.xml; path = Info.plist; sourceTree = "<group>"; };
		D46DFB3621C3514500675B86 /* ui-baseUITests.xctest */ = {isa = PBXFileReference; explicitFileType = wrapper.cfbundle; includeInIndex = 0; path = "ui-baseUITests.xctest"; sourceTree = BUILT_PRODUCTS_DIR; };
		D46DFB3A21C3514500675B86 /* ui_baseUITests.m */ = {isa = PBXFileReference; lastKnownFileType = sourcecode.c.objc; path = ui_baseUITests.m; sourceTree = "<group>"; };
		D46DFB3C21C3514500675B86 /* Info.plist */ = {isa = PBXFileReference; lastKnownFileType = text.plist.xml; path = Info.plist; sourceTree = "<group>"; };
		D46DFB4921C3540200675B86 /* UIApplication+ios_uikit.h */ = {isa = PBXFileReference; fileEncoding = 4; lastKnownFileType = sourcecode.c.h; path = "UIApplication+ios_uikit.h"; sourceTree = "<group>"; };
		D46DFB4B21C3540200675B86 /* UIImage+cui.h */ = {isa = PBXFileReference; fileEncoding = 4; lastKnownFileType = sourcecode.c.h; path = "UIImage+cui.h"; sourceTree = "<group>"; };
		D46DFB4C21C3540200675B86 /* UIColor+blend.m */ = {isa = PBXFileReference; fileEncoding = 4; lastKnownFileType = sourcecode.c.objc; path = "UIColor+blend.m"; sourceTree = "<group>"; };
		D46DFB4D21C3540200675B86 /* UIColor+cui_theme.h */ = {isa = PBXFileReference; fileEncoding = 4; lastKnownFileType = sourcecode.c.h; path = "UIColor+cui_theme.h"; sourceTree = "<group>"; };
		D46DFB4E21C3540200675B86 /* UIImage+cui.m */ = {isa = PBXFileReference; fileEncoding = 4; lastKnownFileType = sourcecode.c.objc; path = "UIImage+cui.m"; sourceTree = "<group>"; };
		D46DFB4F21C3540200675B86 /* UIColor+blend.h */ = {isa = PBXFileReference; fileEncoding = 4; lastKnownFileType = sourcecode.c.h; path = "UIColor+blend.h"; sourceTree = "<group>"; };
		D46DFB5021C3540200675B86 /* UIColor+cui_theme.m */ = {isa = PBXFileReference; fileEncoding = 4; lastKnownFileType = sourcecode.c.objc; path = "UIColor+cui_theme.m"; sourceTree = "<group>"; };
		D46DFB5121C3540200675B86 /* UIDevice+ios_uikit.m */ = {isa = PBXFileReference; fileEncoding = 4; lastKnownFileType = sourcecode.c.objc; path = "UIDevice+ios_uikit.m"; sourceTree = "<group>"; };
		D46DFB5221C3540200675B86 /* UIView+ios_uikit.m */ = {isa = PBXFileReference; fileEncoding = 4; lastKnownFileType = sourcecode.c.objc; path = "UIView+ios_uikit.m"; sourceTree = "<group>"; };
		D46DFB5321C3540200675B86 /* UIApplication+ios_uikit.m */ = {isa = PBXFileReference; fileEncoding = 4; lastKnownFileType = sourcecode.c.objc; path = "UIApplication+ios_uikit.m"; sourceTree = "<group>"; };
		D46DFB5421C3540200675B86 /* UIView+ios_uikit.h */ = {isa = PBXFileReference; fileEncoding = 4; lastKnownFileType = sourcecode.c.h; path = "UIView+ios_uikit.h"; sourceTree = "<group>"; };
		D46DFB5621C3540200675B86 /* UIAlertController+Functional.h */ = {isa = PBXFileReference; fileEncoding = 4; lastKnownFileType = sourcecode.c.h; path = "UIAlertController+Functional.h"; sourceTree = "<group>"; };
		D46DFB5721C3540200675B86 /* UIViewController+ios_uikit.h */ = {isa = PBXFileReference; fileEncoding = 4; lastKnownFileType = sourcecode.c.h; path = "UIViewController+ios_uikit.h"; sourceTree = "<group>"; };
		D46DFB5821C3540200675B86 /* UIAlertController+Functional.m */ = {isa = PBXFileReference; fileEncoding = 4; lastKnownFileType = sourcecode.c.objc; path = "UIAlertController+Functional.m"; sourceTree = "<group>"; };
		D46DFB5921C3540200675B86 /* UIViewController+ios_uikit.m */ = {isa = PBXFileReference; fileEncoding = 4; lastKnownFileType = sourcecode.c.objc; path = "UIViewController+ios_uikit.m"; sourceTree = "<group>"; };
		D46DFB5A21C3540200675B86 /* UIDevice+ios_uikit.h */ = {isa = PBXFileReference; fileEncoding = 4; lastKnownFileType = sourcecode.c.h; path = "UIDevice+ios_uikit.h"; sourceTree = "<group>"; };
		D46DFB6321C3553700675B86 /* NSObject+Functional.m */ = {isa = PBXFileReference; fileEncoding = 4; lastKnownFileType = sourcecode.c.objc; path = "NSObject+Functional.m"; sourceTree = "<group>"; };
		D46DFB6421C3553700675B86 /* NSObject+Functional.h */ = {isa = PBXFileReference; fileEncoding = 4; lastKnownFileType = sourcecode.c.h; path = "NSObject+Functional.h"; sourceTree = "<group>"; };
		D46DFBCD21C36F4300675B86 /* ui-base.podspec */ = {isa = PBXFileReference; fileEncoding = 4; lastKnownFileType = text; path = "ui-base.podspec"; sourceTree = "<group>"; };
		EA755B31ABA5115604589D73 /* Pods-ui-baseTests.debug.xcconfig */ = {isa = PBXFileReference; includeInIndex = 1; lastKnownFileType = text.xcconfig; name = "Pods-ui-baseTests.debug.xcconfig"; path = "Pods/Target Support Files/Pods-ui-baseTests/Pods-ui-baseTests.debug.xcconfig"; sourceTree = "<group>"; };
/* End PBXFileReference section */

/* Begin PBXFrameworksBuildPhase section */
		D46DFB1021C3514400675B86 /* Frameworks */ = {
			isa = PBXFrameworksBuildPhase;
			buildActionMask = 2147483647;
			files = (
				CFF0ED52D84725738DAA6E3C /* Pods_ui_base.framework in Frameworks */,
			);
			runOnlyForDeploymentPostprocessing = 0;
		};
		D46DFB2821C3514500675B86 /* Frameworks */ = {
			isa = PBXFrameworksBuildPhase;
			buildActionMask = 2147483647;
			files = (
				E478C2BAE01D7F9FBF949DBC /* Pods_ui_baseTests.framework in Frameworks */,
			);
			runOnlyForDeploymentPostprocessing = 0;
		};
		D46DFB3321C3514500675B86 /* Frameworks */ = {
			isa = PBXFrameworksBuildPhase;
			buildActionMask = 2147483647;
			files = (
				8DB93F6955AF5D8B948E1972 /* Pods_ui_baseUITests.framework in Frameworks */,
			);
			runOnlyForDeploymentPostprocessing = 0;
		};
/* End PBXFrameworksBuildPhase section */

/* Begin PBXGroup section */
		165CF894B7D996B2E0201B7C /* Pods */ = {
			isa = PBXGroup;
			children = (
				787D7194F40CE2BB684F8275 /* Pods-ui-base.debug.xcconfig */,
				5B25F37B8FC4948555347D7B /* Pods-ui-base.release.xcconfig */,
				EA755B31ABA5115604589D73 /* Pods-ui-baseTests.debug.xcconfig */,
				AF37103BE747FF8566471F0D /* Pods-ui-baseTests.release.xcconfig */,
				2D8D6DD37E0F7D1655B218C2 /* Pods-ui-baseUITests.debug.xcconfig */,
				5B4569164344329180CE5125 /* Pods-ui-baseUITests.release.xcconfig */,
			);
			name = Pods;
			sourceTree = "<group>";
		};
		69A17979B79B731E79F6C07E /* Frameworks */ = {
			isa = PBXGroup;
			children = (
				6D3EFCD0E21CEE580EAFB045 /* Pods_ui_base.framework */,
				66FFE47086E38EAE80000308 /* Pods_ui_baseTests.framework */,
				0D60560D8105E8981C065F3D /* Pods_ui_baseUITests.framework */,
			);
			name = Frameworks;
			sourceTree = "<group>";
		};
		D46DFB0A21C3514400675B86 = {
			isa = PBXGroup;
			children = (
				D46DFBCD21C36F4300675B86 /* ui-base.podspec */,
				D46DFB4821C3540200675B86 /* Classes */,
				D46DFB1521C3514400675B86 /* ui-base */,
				D46DFB2E21C3514500675B86 /* ui-baseTests */,
				D46DFB3921C3514500675B86 /* ui-baseUITests */,
				D46DFB1421C3514400675B86 /* Products */,
				165CF894B7D996B2E0201B7C /* Pods */,
				69A17979B79B731E79F6C07E /* Frameworks */,
			);
			sourceTree = "<group>";
		};
		D46DFB1421C3514400675B86 /* Products */ = {
			isa = PBXGroup;
			children = (
				D46DFB1321C3514400675B86 /* ui-base.app */,
				D46DFB2B21C3514500675B86 /* ui-baseTests.xctest */,
				D46DFB3621C3514500675B86 /* ui-baseUITests.xctest */,
			);
			name = Products;
			sourceTree = "<group>";
		};
		D46DFB1521C3514400675B86 /* ui-base */ = {
			isa = PBXGroup;
			children = (
				D46DFB1621C3514400675B86 /* AppDelegate.h */,
				D46DFB1721C3514400675B86 /* AppDelegate.m */,
				D46DFB1921C3514400675B86 /* ViewController.h */,
				D46DFB1A21C3514400675B86 /* ViewController.m */,
				D46DFB1C21C3514400675B86 /* Main.storyboard */,
				D46DFB1F21C3514500675B86 /* Assets.xcassets */,
				D46DFB2121C3514500675B86 /* LaunchScreen.storyboard */,
				D46DFB2421C3514500675B86 /* Info.plist */,
				D46DFB2521C3514500675B86 /* main.m */,
			);
			path = "ui-base";
			sourceTree = "<group>";
		};
		D46DFB2E21C3514500675B86 /* ui-baseTests */ = {
			isa = PBXGroup;
			children = (
				D46DFB2F21C3514500675B86 /* ui_baseTests.m */,
				D46DFB3121C3514500675B86 /* Info.plist */,
			);
			path = "ui-baseTests";
			sourceTree = "<group>";
		};
		D46DFB3921C3514500675B86 /* ui-baseUITests */ = {
			isa = PBXGroup;
			children = (
				D46DFB3A21C3514500675B86 /* ui_baseUITests.m */,
				D46DFB3C21C3514500675B86 /* Info.plist */,
			);
			path = "ui-baseUITests";
			sourceTree = "<group>";
		};
		D46DFB4821C3540200675B86 /* Classes */ = {
			isa = PBXGroup;
			children = (
				D46DFB6421C3553700675B86 /* NSObject+Functional.h */,
				D46DFB6321C3553700675B86 /* NSObject+Functional.m */,
				D46DFB5521C3540200675B86 /* Contoller */,
				D46DFB4A21C3540200675B86 /* Image+Color */,
				D46DFB4921C3540200675B86 /* UIApplication+ios_uikit.h */,
				D46DFB5321C3540200675B86 /* UIApplication+ios_uikit.m */,
				D46DFB5421C3540200675B86 /* UIView+ios_uikit.h */,
				D46DFB5221C3540200675B86 /* UIView+ios_uikit.m */,
				D46DFB5A21C3540200675B86 /* UIDevice+ios_uikit.h */,
				D46DFB5121C3540200675B86 /* UIDevice+ios_uikit.m */,
			);
			path = Classes;
			sourceTree = "<group>";
		};
		D46DFB4A21C3540200675B86 /* Image+Color */ = {
			isa = PBXGroup;
			children = (
				D46DFB4B21C3540200675B86 /* UIImage+cui.h */,
				D46DFB4E21C3540200675B86 /* UIImage+cui.m */,
				D46DFB4F21C3540200675B86 /* UIColor+blend.h */,
				D46DFB4C21C3540200675B86 /* UIColor+blend.m */,
				D46DFB4D21C3540200675B86 /* UIColor+cui_theme.h */,
				D46DFB5021C3540200675B86 /* UIColor+cui_theme.m */,
			);
			path = "Image+Color";
			sourceTree = "<group>";
		};
		D46DFB5521C3540200675B86 /* Contoller */ = {
			isa = PBXGroup;
			children = (
				D46DFB5621C3540200675B86 /* UIAlertController+Functional.h */,
				D46DFB5821C3540200675B86 /* UIAlertController+Functional.m */,
				D46DFB5721C3540200675B86 /* UIViewController+ios_uikit.h */,
				D46DFB5921C3540200675B86 /* UIViewController+ios_uikit.m */,
			);
			path = Contoller;
			sourceTree = "<group>";
		};
/* End PBXGroup section */

/* Begin PBXNativeTarget section */
		D46DFB1221C3514400675B86 /* ui-base */ = {
			isa = PBXNativeTarget;
			buildConfigurationList = D46DFB3F21C3514500675B86 /* Build configuration list for PBXNativeTarget "ui-base" */;
			buildPhases = (
				81B727FC13D5215F19C8372A /* [CP] Check Pods Manifest.lock */,
				D46DFB0F21C3514400675B86 /* Sources */,
				D46DFB1021C3514400675B86 /* Frameworks */,
				D46DFB1121C3514400675B86 /* Resources */,
				2B082BE1FDCB518EC988DA62 /* [CP] Embed Pods Frameworks */,
			);
			buildRules = (
			);
			dependencies = (
			);
			name = "ui-base";
			productName = "ui-base";
			productReference = D46DFB1321C3514400675B86 /* ui-base.app */;
			productType = "com.apple.product-type.application";
		};
		D46DFB2A21C3514500675B86 /* ui-baseTests */ = {
			isa = PBXNativeTarget;
			buildConfigurationList = D46DFB4221C3514500675B86 /* Build configuration list for PBXNativeTarget "ui-baseTests" */;
			buildPhases = (
				4400CBF63C7DF4CA4C06B98B /* [CP] Check Pods Manifest.lock */,
				D46DFB2721C3514500675B86 /* Sources */,
				D46DFB2821C3514500675B86 /* Frameworks */,
				D46DFB2921C3514500675B86 /* Resources */,
			);
			buildRules = (
			);
			dependencies = (
				D46DFB2D21C3514500675B86 /* PBXTargetDependency */,
			);
			name = "ui-baseTests";
			productName = "ui-baseTests";
			productReference = D46DFB2B21C3514500675B86 /* ui-baseTests.xctest */;
			productType = "com.apple.product-type.bundle.unit-test";
		};
		D46DFB3521C3514500675B86 /* ui-baseUITests */ = {
			isa = PBXNativeTarget;
			buildConfigurationList = D46DFB4521C3514500675B86 /* Build configuration list for PBXNativeTarget "ui-baseUITests" */;
			buildPhases = (
				220127AB72B3EB111BE140B1 /* [CP] Check Pods Manifest.lock */,
				D46DFB3221C3514500675B86 /* Sources */,
				D46DFB3321C3514500675B86 /* Frameworks */,
				D46DFB3421C3514500675B86 /* Resources */,
			);
			buildRules = (
			);
			dependencies = (
				D46DFB3821C3514500675B86 /* PBXTargetDependency */,
			);
			name = "ui-baseUITests";
			productName = "ui-baseUITests";
			productReference = D46DFB3621C3514500675B86 /* ui-baseUITests.xctest */;
			productType = "com.apple.product-type.bundle.ui-testing";
		};
/* End PBXNativeTarget section */

/* Begin PBXProject section */
		D46DFB0B21C3514400675B86 /* Project object */ = {
			isa = PBXProject;
			attributes = {
				LastUpgradeCheck = 1010;
				ORGANIZATIONNAME = orzer;
				TargetAttributes = {
					D46DFB1221C3514400675B86 = {
						CreatedOnToolsVersion = 10.1;
					};
					D46DFB2A21C3514500675B86 = {
						CreatedOnToolsVersion = 10.1;
						TestTargetID = D46DFB1221C3514400675B86;
					};
					D46DFB3521C3514500675B86 = {
						CreatedOnToolsVersion = 10.1;
						TestTargetID = D46DFB1221C3514400675B86;
					};
				};
			};
			buildConfigurationList = D46DFB0E21C3514400675B86 /* Build configuration list for PBXProject "ui-base" */;
			compatibilityVersion = "Xcode 9.3";
			developmentRegion = en;
			hasScannedForEncodings = 0;
			knownRegions = (
				en,
				Base,
			);
			mainGroup = D46DFB0A21C3514400675B86;
			productRefGroup = D46DFB1421C3514400675B86 /* Products */;
			projectDirPath = "";
			projectRoot = "";
			targets = (
				D46DFB1221C3514400675B86 /* ui-base */,
				D46DFB2A21C3514500675B86 /* ui-baseTests */,
				D46DFB3521C3514500675B86 /* ui-baseUITests */,
			);
		};
/* End PBXProject section */

/* Begin PBXResourcesBuildPhase section */
		D46DFB1121C3514400675B86 /* Resources */ = {
			isa = PBXResourcesBuildPhase;
			buildActionMask = 2147483647;
			files = (
				D46DFB2321C3514500675B86 /* LaunchScreen.storyboard in Resources */,
				D46DFBCE21C36F4300675B86 /* ui-base.podspec in Resources */,
				D46DFB2021C3514500675B86 /* Assets.xcassets in Resources */,
				D46DFB1E21C3514400675B86 /* Main.storyboard in Resources */,
			);
			runOnlyForDeploymentPostprocessing = 0;
		};
		D46DFB2921C3514500675B86 /* Resources */ = {
			isa = PBXResourcesBuildPhase;
			buildActionMask = 2147483647;
			files = (
			);
			runOnlyForDeploymentPostprocessing = 0;
		};
		D46DFB3421C3514500675B86 /* Resources */ = {
			isa = PBXResourcesBuildPhase;
			buildActionMask = 2147483647;
			files = (
			);
			runOnlyForDeploymentPostprocessing = 0;
		};
/* End PBXResourcesBuildPhase section */

/* Begin PBXShellScriptBuildPhase section */
		220127AB72B3EB111BE140B1 /* [CP] Check Pods Manifest.lock */ = {
			isa = PBXShellScriptBuildPhase;
			buildActionMask = 2147483647;
			files = (
			);
			inputPaths = (
				"${PODS_PODFILE_DIR_PATH}/Podfile.lock",
				"${PODS_ROOT}/Manifest.lock",
			);
			name = "[CP] Check Pods Manifest.lock";
			outputPaths = (
				"$(DERIVED_FILE_DIR)/Pods-ui-baseUITests-checkManifestLockResult.txt",
			);
			runOnlyForDeploymentPostprocessing = 0;
			shellPath = /bin/sh;
			shellScript = "diff \"${PODS_PODFILE_DIR_PATH}/Podfile.lock\" \"${PODS_ROOT}/Manifest.lock\" > /dev/null\nif [ $? != 0 ] ; then\n    # print error to STDERR\n    echo \"error: The sandbox is not in sync with the Podfile.lock. Run 'pod install' or update your CocoaPods installation.\" >&2\n    exit 1\nfi\n# This output is used by Xcode 'outputs' to avoid re-running this script phase.\necho \"SUCCESS\" > \"${SCRIPT_OUTPUT_FILE_0}\"\n";
			showEnvVarsInLog = 0;
		};
		2B082BE1FDCB518EC988DA62 /* [CP] Embed Pods Frameworks */ = {
			isa = PBXShellScriptBuildPhase;
			buildActionMask = 2147483647;
			files = (
			);
			inputPaths = (
				"${SRCROOT}/Pods/Target Support Files/Pods-ui-base/Pods-ui-base-frameworks.sh",
				"${BUILT_PRODUCTS_DIR}/ChameleonFramework/ChameleonFramework.framework",
				"${BUILT_PRODUCTS_DIR}/Classy/Classy.framework",
				"${BUILT_PRODUCTS_DIR}/IQKeyboardManager/IQKeyboardManager.framework",
				"${BUILT_PRODUCTS_DIR}/Masonry/Masonry.framework",
				"${BUILT_PRODUCTS_DIR}/RegexKitLite/RegexKitLite.framework",
				"${BUILT_PRODUCTS_DIR}/SDWebImage/SDWebImage.framework",
				"${BUILT_PRODUCTS_DIR}/SVProgressHUD/SVProgressHUD.framework",
				"${BUILT_PRODUCTS_DIR}/YYKit/YYKit.framework",
				"${BUILT_PRODUCTS_DIR}/oc-string/oc_string.framework",
				"${BUILT_PRODUCTS_DIR}/pop/pop.framework",
			);
			name = "[CP] Embed Pods Frameworks";
			outputPaths = (
				"${TARGET_BUILD_DIR}/${FRAMEWORKS_FOLDER_PATH}/ChameleonFramework.framework",
				"${TARGET_BUILD_DIR}/${FRAMEWORKS_FOLDER_PATH}/Classy.framework",
				"${TARGET_BUILD_DIR}/${FRAMEWORKS_FOLDER_PATH}/IQKeyboardManager.framework",
				"${TARGET_BUILD_DIR}/${FRAMEWORKS_FOLDER_PATH}/Masonry.framework",
				"${TARGET_BUILD_DIR}/${FRAMEWORKS_FOLDER_PATH}/RegexKitLite.framework",
				"${TARGET_BUILD_DIR}/${FRAMEWORKS_FOLDER_PATH}/SDWebImage.framework",
				"${TARGET_BUILD_DIR}/${FRAMEWORKS_FOLDER_PATH}/SVProgressHUD.framework",
				"${TARGET_BUILD_DIR}/${FRAMEWORKS_FOLDER_PATH}/YYKit.framework",
				"${TARGET_BUILD_DIR}/${FRAMEWORKS_FOLDER_PATH}/oc_string.framework",
				"${TARGET_BUILD_DIR}/${FRAMEWORKS_FOLDER_PATH}/pop.framework",
			);
			runOnlyForDeploymentPostprocessing = 0;
			shellPath = /bin/sh;
			shellScript = "\"${SRCROOT}/Pods/Target Support Files/Pods-ui-base/Pods-ui-base-frameworks.sh\"\n";
			showEnvVarsInLog = 0;
		};
		4400CBF63C7DF4CA4C06B98B /* [CP] Check Pods Manifest.lock */ = {
			isa = PBXShellScriptBuildPhase;
			buildActionMask = 2147483647;
			files = (
			);
			inputPaths = (
				"${PODS_PODFILE_DIR_PATH}/Podfile.lock",
				"${PODS_ROOT}/Manifest.lock",
			);
			name = "[CP] Check Pods Manifest.lock";
			outputPaths = (
				"$(DERIVED_FILE_DIR)/Pods-ui-baseTests-checkManifestLockResult.txt",
			);
			runOnlyForDeploymentPostprocessing = 0;
			shellPath = /bin/sh;
			shellScript = "diff \"${PODS_PODFILE_DIR_PATH}/Podfile.lock\" \"${PODS_ROOT}/Manifest.lock\" > /dev/null\nif [ $? != 0 ] ; then\n    # print error to STDERR\n    echo \"error: The sandbox is not in sync with the Podfile.lock. Run 'pod install' or update your CocoaPods installation.\" >&2\n    exit 1\nfi\n# This output is used by Xcode 'outputs' to avoid re-running this script phase.\necho \"SUCCESS\" > \"${SCRIPT_OUTPUT_FILE_0}\"\n";
			showEnvVarsInLog = 0;
		};
		81B727FC13D5215F19C8372A /* [CP] Check Pods Manifest.lock */ = {
			isa = PBXShellScriptBuildPhase;
			buildActionMask = 2147483647;
			files = (
			);
			inputPaths = (
				"${PODS_PODFILE_DIR_PATH}/Podfile.lock",
				"${PODS_ROOT}/Manifest.lock",
			);
			name = "[CP] Check Pods Manifest.lock";
			outputPaths = (
				"$(DERIVED_FILE_DIR)/Pods-ui-base-checkManifestLockResult.txt",
			);
			runOnlyForDeploymentPostprocessing = 0;
			shellPath = /bin/sh;
			shellScript = "diff \"${PODS_PODFILE_DIR_PATH}/Podfile.lock\" \"${PODS_ROOT}/Manifest.lock\" > /dev/null\nif [ $? != 0 ] ; then\n    # print error to STDERR\n    echo \"error: The sandbox is not in sync with the Podfile.lock. Run 'pod install' or update your CocoaPods installation.\" >&2\n    exit 1\nfi\n# This output is used by Xcode 'outputs' to avoid re-running this script phase.\necho \"SUCCESS\" > \"${SCRIPT_OUTPUT_FILE_0}\"\n";
			showEnvVarsInLog = 0;
		};
/* End PBXShellScriptBuildPhase section */

/* Begin PBXSourcesBuildPhase section */
		D46DFB0F21C3514400675B86 /* Sources */ = {
			isa = PBXSourcesBuildPhase;
			buildActionMask = 2147483647;
			files = (
				D46DFB1B21C3514400675B86 /* ViewController.m in Sources */,
				D46DFB6021C3540200675B86 /* UIApplication+ios_uikit.m in Sources */,
				D46DFB5F21C3540200675B86 /* UIView+ios_uikit.m in Sources */,
				D46DFB6121C3540200675B86 /* UIAlertController+Functional.m in Sources */,
				D46DFB5E21C3540200675B86 /* UIDevice+ios_uikit.m in Sources */,
				D46DFB2621C3514500675B86 /* main.m in Sources */,
				D46DFB1821C3514400675B86 /* AppDelegate.m in Sources */,
				D46DFB5C21C3540200675B86 /* UIImage+cui.m in Sources */,
				D46DFB5B21C3540200675B86 /* UIColor+blend.m in Sources */,
				D46DFB6221C3540200675B86 /* UIViewController+ios_uikit.m in Sources */,
				D46DFB6521C3553700675B86 /* NSObject+Functional.m in Sources */,
				D46DFB5D21C3540200675B86 /* UIColor+cui_theme.m in Sources */,
			);
			runOnlyForDeploymentPostprocessing = 0;
		};
		D46DFB2721C3514500675B86 /* Sources */ = {
			isa = PBXSourcesBuildPhase;
			buildActionMask = 2147483647;
			files = (
				D46DFB3021C3514500675B86 /* ui_baseTests.m in Sources */,
			);
			runOnlyForDeploymentPostprocessing = 0;
		};
		D46DFB3221C3514500675B86 /* Sources */ = {
			isa = PBXSourcesBuildPhase;
			buildActionMask = 2147483647;
			files = (
				D46DFB3B21C3514500675B86 /* ui_baseUITests.m in Sources */,
			);
			runOnlyForDeploymentPostprocessing = 0;
		};
/* End PBXSourcesBuildPhase section */

/* Begin PBXTargetDependency section */
		D46DFB2D21C3514500675B86 /* PBXTargetDependency */ = {
			isa = PBXTargetDependency;
			target = D46DFB1221C3514400675B86 /* ui-base */;
			targetProxy = D46DFB2C21C3514500675B86 /* PBXContainerItemProxy */;
		};
		D46DFB3821C3514500675B86 /* PBXTargetDependency */ = {
			isa = PBXTargetDependency;
			target = D46DFB1221C3514400675B86 /* ui-base */;
			targetProxy = D46DFB3721C3514500675B86 /* PBXContainerItemProxy */;
		};
/* End PBXTargetDependency section */

/* Begin PBXVariantGroup section */
		D46DFB1C21C3514400675B86 /* Main.storyboard */ = {
			isa = PBXVariantGroup;
			children = (
				D46DFB1D21C3514400675B86 /* Base */,
			);
			name = Main.storyboard;
			sourceTree = "<group>";
		};
		D46DFB2121C3514500675B86 /* LaunchScreen.storyboard */ = {
			isa = PBXVariantGroup;
			children = (
				D46DFB2221C3514500675B86 /* Base */,
			);
			name = LaunchScreen.storyboard;
			sourceTree = "<group>";
		};
/* End PBXVariantGroup section */

/* Begin XCBuildConfiguration section */
		D46DFB3D21C3514500675B86 /* Debug */ = {
			isa = XCBuildConfiguration;
			buildSettings = {
				ALWAYS_SEARCH_USER_PATHS = NO;
				CLANG_ANALYZER_NONNULL = YES;
				CLANG_ANALYZER_NUMBER_OBJECT_CONVERSION = YES_AGGRESSIVE;
				CLANG_CXX_LANGUAGE_STANDARD = "gnu++14";
				CLANG_CXX_LIBRARY = "libc++";
				CLANG_ENABLE_MODULES = YES;
				CLANG_ENABLE_OBJC_ARC = YES;
				CLANG_ENABLE_OBJC_WEAK = YES;
				CLANG_WARN_BLOCK_CAPTURE_AUTORELEASING = YES;
				CLANG_WARN_BOOL_CONVERSION = YES;
				CLANG_WARN_COMMA = YES;
				CLANG_WARN_CONSTANT_CONVERSION = YES;
				CLANG_WARN_DEPRECATED_OBJC_IMPLEMENTATIONS = YES;
				CLANG_WARN_DIRECT_OBJC_ISA_USAGE = YES_ERROR;
				CLANG_WARN_DOCUMENTATION_COMMENTS = YES;
				CLANG_WARN_EMPTY_BODY = YES;
				CLANG_WARN_ENUM_CONVERSION = YES;
				CLANG_WARN_INFINITE_RECURSION = YES;
				CLANG_WARN_INT_CONVERSION = YES;
				CLANG_WARN_NON_LITERAL_NULL_CONVERSION = YES;
				CLANG_WARN_OBJC_IMPLICIT_RETAIN_SELF = YES;
				CLANG_WARN_OBJC_LITERAL_CONVERSION = YES;
				CLANG_WARN_OBJC_ROOT_CLASS = YES_ERROR;
				CLANG_WARN_RANGE_LOOP_ANALYSIS = YES;
				CLANG_WARN_STRICT_PROTOTYPES = YES;
				CLANG_WARN_SUSPICIOUS_MOVE = YES;
				CLANG_WARN_UNGUARDED_AVAILABILITY = YES_AGGRESSIVE;
				CLANG_WARN_UNREACHABLE_CODE = YES;
				CLANG_WARN__DUPLICATE_METHOD_MATCH = YES;
				CODE_SIGN_IDENTITY = "iPhone Developer";
				COPY_PHASE_STRIP = NO;
				DEBUG_INFORMATION_FORMAT = dwarf;
				ENABLE_STRICT_OBJC_MSGSEND = YES;
				ENABLE_TESTABILITY = YES;
				GCC_C_LANGUAGE_STANDARD = gnu11;
				GCC_DYNAMIC_NO_PIC = NO;
				GCC_NO_COMMON_BLOCKS = YES;
				GCC_OPTIMIZATION_LEVEL = 0;
				GCC_PREPROCESSOR_DEFINITIONS = (
					"DEBUG=1",
					"$(inherited)",
				);
				GCC_WARN_64_TO_32_BIT_CONVERSION = YES;
				GCC_WARN_ABOUT_RETURN_TYPE = YES_ERROR;
				GCC_WARN_UNDECLARED_SELECTOR = YES;
				GCC_WARN_UNINITIALIZED_AUTOS = YES_AGGRESSIVE;
				GCC_WARN_UNUSED_FUNCTION = YES;
				GCC_WARN_UNUSED_VARIABLE = YES;
				IPHONEOS_DEPLOYMENT_TARGET = 12.1;
				MTL_ENABLE_DEBUG_INFO = INCLUDE_SOURCE;
				MTL_FAST_MATH = YES;
				ONLY_ACTIVE_ARCH = YES;
				SDKROOT = iphoneos;
			};
			name = Debug;
		};
		D46DFB3E21C3514500675B86 /* Release */ = {
			isa = XCBuildConfiguration;
			buildSettings = {
				ALWAYS_SEARCH_USER_PATHS = NO;
				CLANG_ANALYZER_NONNULL = YES;
				CLANG_ANALYZER_NUMBER_OBJECT_CONVERSION = YES_AGGRESSIVE;
				CLANG_CXX_LANGUAGE_STANDARD = "gnu++14";
				CLANG_CXX_LIBRARY = "libc++";
				CLANG_ENABLE_MODULES = YES;
				CLANG_ENABLE_OBJC_ARC = YES;
				CLANG_ENABLE_OBJC_WEAK = YES;
				CLANG_WARN_BLOCK_CAPTURE_AUTORELEASING = YES;
				CLANG_WARN_BOOL_CONVERSION = YES;
				CLANG_WARN_COMMA = YES;
				CLANG_WARN_CONSTANT_CONVERSION = YES;
				CLANG_WARN_DEPRECATED_OBJC_IMPLEMENTATIONS = YES;
				CLANG_WARN_DIRECT_OBJC_ISA_USAGE = YES_ERROR;
				CLANG_WARN_DOCUMENTATION_COMMENTS = YES;
				CLANG_WARN_EMPTY_BODY = YES;
				CLANG_WARN_ENUM_CONVERSION = YES;
				CLANG_WARN_INFINITE_RECURSION = YES;
				CLANG_WARN_INT_CONVERSION = YES;
				CLANG_WARN_NON_LITERAL_NULL_CONVERSION = YES;
				CLANG_WARN_OBJC_IMPLICIT_RETAIN_SELF = YES;
				CLANG_WARN_OBJC_LITERAL_CONVERSION = YES;
				CLANG_WARN_OBJC_ROOT_CLASS = YES_ERROR;
				CLANG_WARN_RANGE_LOOP_ANALYSIS = YES;
				CLANG_WARN_STRICT_PROTOTYPES = YES;
				CLANG_WARN_SUSPICIOUS_MOVE = YES;
				CLANG_WARN_UNGUARDED_AVAILABILITY = YES_AGGRESSIVE;
				CLANG_WARN_UNREACHABLE_CODE = YES;
				CLANG_WARN__DUPLICATE_METHOD_MATCH = YES;
				CODE_SIGN_IDENTITY = "iPhone Developer";
				COPY_PHASE_STRIP = NO;
				DEBUG_INFORMATION_FORMAT = "dwarf-with-dsym";
				ENABLE_NS_ASSERTIONS = NO;
				ENABLE_STRICT_OBJC_MSGSEND = YES;
				GCC_C_LANGUAGE_STANDARD = gnu11;
				GCC_NO_COMMON_BLOCKS = YES;
				GCC_WARN_64_TO_32_BIT_CONVERSION = YES;
				GCC_WARN_ABOUT_RETURN_TYPE = YES_ERROR;
				GCC_WARN_UNDECLARED_SELECTOR = YES;
				GCC_WARN_UNINITIALIZED_AUTOS = YES_AGGRESSIVE;
				GCC_WARN_UNUSED_FUNCTION = YES;
				GCC_WARN_UNUSED_VARIABLE = YES;
				IPHONEOS_DEPLOYMENT_TARGET = 12.1;
				MTL_ENABLE_DEBUG_INFO = NO;
				MTL_FAST_MATH = YES;
				SDKROOT = iphoneos;
				VALIDATE_PRODUCT = YES;
			};
			name = Release;
		};
		D46DFB4021C3514500675B86 /* Debug */ = {
			isa = XCBuildConfiguration;
			baseConfigurationReference = 787D7194F40CE2BB684F8275 /* Pods-ui-base.debug.xcconfig */;
			buildSettings = {
				ASSETCATALOG_COMPILER_APPICON_NAME = AppIcon;
				CODE_SIGN_STYLE = Automatic;
				DEVELOPMENT_TEAM = ZLQPGKAQFY;
				INFOPLIST_FILE = "ui-base/Info.plist";
				LD_RUNPATH_SEARCH_PATHS = (
					"$(inherited)",
					"@executable_path/Frameworks",
				);
				PRODUCT_BUNDLE_IDENTIFIER = "com.orzer.ui-base";
				PRODUCT_NAME = "$(TARGET_NAME)";
				TARGETED_DEVICE_FAMILY = "1,2";
			};
			name = Debug;
		};
		D46DFB4121C3514500675B86 /* Release */ = {
			isa = XCBuildConfiguration;
			baseConfigurationReference = 5B25F37B8FC4948555347D7B /* Pods-ui-base.release.xcconfig */;
			buildSettings = {
				ASSETCATALOG_COMPILER_APPICON_NAME = AppIcon;
				CODE_SIGN_STYLE = Automatic;
				DEVELOPMENT_TEAM = ZLQPGKAQFY;
				INFOPLIST_FILE = "ui-base/Info.plist";
				LD_RUNPATH_SEARCH_PATHS = (
					"$(inherited)",
					"@executable_path/Frameworks",
				);
				PRODUCT_BUNDLE_IDENTIFIER = "com.orzer.ui-base";
				PRODUCT_NAME = "$(TARGET_NAME)";
				TARGETED_DEVICE_FAMILY = "1,2";
			};
			name = Release;
		};
		D46DFB4321C3514500675B86 /* Debug */ = {
			isa = XCBuildConfiguration;
			baseConfigurationReference = EA755B31ABA5115604589D73 /* Pods-ui-baseTests.debug.xcconfig */;
			buildSettings = {
				BUNDLE_LOADER = "$(TEST_HOST)";
				CODE_SIGN_STYLE = Automatic;
				DEVELOPMENT_TEAM = ZLQPGKAQFY;
				INFOPLIST_FILE = "ui-baseTests/Info.plist";
				LD_RUNPATH_SEARCH_PATHS = (
					"$(inherited)",
					"@executable_path/Frameworks",
					"@loader_path/Frameworks",
				);
				PRODUCT_BUNDLE_IDENTIFIER = "com.orzer.ui-baseTests";
				PRODUCT_NAME = "$(TARGET_NAME)";
				TARGETED_DEVICE_FAMILY = "1,2";
				TEST_HOST = "$(BUILT_PRODUCTS_DIR)/ui-base.app/ui-base";
			};
			name = Debug;
		};
		D46DFB4421C3514500675B86 /* Release */ = {
			isa = XCBuildConfiguration;
			baseConfigurationReference = AF37103BE747FF8566471F0D /* Pods-ui-baseTests.release.xcconfig */;
			buildSettings = {
				BUNDLE_LOADER = "$(TEST_HOST)";
				CODE_SIGN_STYLE = Automatic;
				DEVELOPMENT_TEAM = ZLQPGKAQFY;
				INFOPLIST_FILE = "ui-baseTests/Info.plist";
				LD_RUNPATH_SEARCH_PATHS = (
					"$(inherited)",
					"@executable_path/Frameworks",
					"@loader_path/Frameworks",
				);
				PRODUCT_BUNDLE_IDENTIFIER = "com.orzer.ui-baseTests";
				PRODUCT_NAME = "$(TARGET_NAME)";
				TARGETED_DEVICE_FAMILY = "1,2";
				TEST_HOST = "$(BUILT_PRODUCTS_DIR)/ui-base.app/ui-base";
			};
			name = Release;
		};
		D46DFB4621C3514500675B86 /* Debug */ = {
			isa = XCBuildConfiguration;
			baseConfigurationReference = 2D8D6DD37E0F7D1655B218C2 /* Pods-ui-baseUITests.debug.xcconfig */;
			buildSettings = {
				CODE_SIGN_STYLE = Automatic;
				DEVELOPMENT_TEAM = ZLQPGKAQFY;
				INFOPLIST_FILE = "ui-baseUITests/Info.plist";
				LD_RUNPATH_SEARCH_PATHS = (
					"$(inherited)",
					"@executable_path/Frameworks",
					"@loader_path/Frameworks",
				);
				PRODUCT_BUNDLE_IDENTIFIER = "com.orzer.ui-baseUITests";
				PRODUCT_NAME = "$(TARGET_NAME)";
				TARGETED_DEVICE_FAMILY = "1,2";
				TEST_TARGET_NAME = "ui-base";
			};
			name = Debug;
		};
		D46DFB4721C3514500675B86 /* Release */ = {
			isa = XCBuildConfiguration;
			baseConfigurationReference = 5B4569164344329180CE5125 /* Pods-ui-baseUITests.release.xcconfig */;
			buildSettings = {
				CODE_SIGN_STYLE = Automatic;
				DEVELOPMENT_TEAM = ZLQPGKAQFY;
				INFOPLIST_FILE = "ui-baseUITests/Info.plist";
				LD_RUNPATH_SEARCH_PATHS = (
					"$(inherited)",
					"@executable_path/Frameworks",
					"@loader_path/Frameworks",
				);
				PRODUCT_BUNDLE_IDENTIFIER = "com.orzer.ui-baseUITests";
				PRODUCT_NAME = "$(TARGET_NAME)";
				TARGETED_DEVICE_FAMILY = "1,2";
				TEST_TARGET_NAME = "ui-base";
			};
			name = Release;
		};
/* End XCBuildConfiguration section */

/* Begin XCConfigurationList section */
		D46DFB0E21C3514400675B86 /* Build configuration list for PBXProject "ui-base" */ = {
			isa = XCConfigurationList;
			buildConfigurations = (
				D46DFB3D21C3514500675B86 /* Debug */,
				D46DFB3E21C3514500675B86 /* Release */,
			);
			defaultConfigurationIsVisible = 0;
			defaultConfigurationName = Release;
		};
		D46DFB3F21C3514500675B86 /* Build configuration list for PBXNativeTarget "ui-base" */ = {
			isa = XCConfigurationList;
			buildConfigurations = (
				D46DFB4021C3514500675B86 /* Debug */,
				D46DFB4121C3514500675B86 /* Release */,
			);
			defaultConfigurationIsVisible = 0;
			defaultConfigurationName = Release;
		};
		D46DFB4221C3514500675B86 /* Build configuration list for PBXNativeTarget "ui-baseTests" */ = {
			isa = XCConfigurationList;
			buildConfigurations = (
				D46DFB4321C3514500675B86 /* Debug */,
				D46DFB4421C3514500675B86 /* Release */,
			);
			defaultConfigurationIsVisible = 0;
			defaultConfigurationName = Release;
		};
		D46DFB4521C3514500675B86 /* Build configuration list for PBXNativeTarget "ui-baseUITests" */ = {
			isa = XCConfigurationList;
			buildConfigurations = (
				D46DFB4621C3514500675B86 /* Debug */,
				D46DFB4721C3514500675B86 /* Release */,
			);
			defaultConfigurationIsVisible = 0;
			defaultConfigurationName = Release;
		};
/* End XCConfigurationList section */
	};
	rootObject = D46DFB0B21C3514400675B86 /* Project object */;
}
