PODS:
  - ChameleonFramework (2.1.0):
    - ChameleonFramework/Default (= 2.1.0)
  - ChameleonFramework/Default (2.1.0)
  - Classy (1.0.0)
  - IQKeyboardManager (6.5.0)
  - Masonry (1.1.0)
  - oc-string (0.0.6):
    - RegexKitLite (~> 4.0)
  - pop (1.0.12)
  - RegexKitLite (4.0)
  - SDWebImage (5.2.2):
    - SDWebImage/Core (= 5.2.2)
  - SDWebImage/Core (5.2.2)
  - SVProgressHUD (2.2.5)

DEPENDENCIES:
  - ChameleonFramework
  - Classy
  - IQKeyboardManager
  - Masonry
  - oc-string
  - pop
  - SDWebImage
  - SVProgressHUD

SPEC REPOS:
  https://github.com/cocoapods/specs.git:
    - ChameleonFramework
    - Classy
    - IQKeyboardManager
    - Masonry
    - oc-string
    - pop
    - RegexKitLite
    - SDWebImage
    - SVProgressHUD

SPEC CHECKSUMS:
  ChameleonFramework: d21a3cc247abfe5e37609a283a8238b03575cf64
  Classy: 6111e471761bb6fb11cfc028bbe25c0a03566e69
  IQKeyboardManager: 700e5155d6a292383b54e8678aec769e14fc78fc
  Masonry: 678fab65091a9290e40e2832a55e7ab731aad201
  oc-string: 21daf685eb8c767f904eb57f9b6f75422cb44d18
  pop: d582054913807fd11fd50bfe6a539d91c7e1a55a
  RegexKitLite: c0e4c12e6e7de0769f3a3ed679f0f61604170661
  SDWebImage: 5fcdb02cc35e05fc35791ec514b191d27189f872
  SVProgressHUD: 1428aafac632c1f86f62aa4243ec12008d7a51d6

PODFILE CHECKSUM: d07ceed819be17908db9ff4c478d57b8dab45e32

COCOAPODS: 1.7.5
